
Microsoft Visual Studio Solution File, Format Version 12.00
# Visual Studio Version 17
VisualStudioVersion = 17.3.32804.467
MinimumVisualStudioVersion = 10.0.40219.1
Project("{FAE04EC0-301F-11D3-BF4B-00C04F79EFBC}") = "Game", "Game\Game.csproj", "{2E9108EF-2C8B-4E54-B3B6-6600A283B798}"
EndProject
Global
	GlobalSection(SolutionConfigurationPlatforms) = preSolution
		Debug|Any CPU = Debug|Any CPU
		Release|Any CPU = Release|Any CPU
	EndGlobalSection
	GlobalSection(ProjectConfigurationPlatforms) = postSolution
		{2E9108EF-2C8B-4E54-B3B6-6600A283B798}.Debug|Any CPU.ActiveCfg = Debug|Any CPU
		{2E9108EF-2C8B-4E54-B3B6-6600A283B798}.Debug|Any CPU.Build.0 = Debug|Any CPU
		{2E9108EF-2C8B-4E54-B3B6-6600A283B798}.Release|Any CPU.ActiveCfg = Release|Any CPU
		{2E9108EF-2C8B-4E54-B3B6-6600A283B798}.Release|Any CPU.Build.0 = Release|Any CPU
	EndGlobalSection
	GlobalSection(SolutionProperties) = preSolution
		HideSolutionNode = FALSE
	EndGlobalSection
	GlobalSection(ExtensibilityGlobals) = postSolution
		SolutionGuid = {119CABDE-6635-4B13-85BE-0936707B1EC8}
	EndGlobalSection
EndGlobal
